
Microsoft Visual Studio Solution File, Format Version 12.00
# Visual Studio Version 17
VisualStudioVersion = 17.5.002.0
MinimumVisualStudioVersion = 10.0.40219.1
Project("{2150E333-8FDC-42A3-9474-1A3956D46DE8}") = "csharp-prep", "csharp-prep", "{C870AED2-C5A0-4EDE-8709-7CBE7CD12F35}"
EndProject
Project("{9A19103F-16F7-4668-BE54-9A1E7A4F7556}") = "Prep1", "csharp-prep\Prep1\Prep1.csproj", "{591F9921-D803-4B09-91FE-9F97B50E5B01}"
EndProject
Project("{9A19103F-16F7-4668-BE54-9A1E7A4F7556}") = "Prep2", "csharp-prep\Prep2\Prep2.csproj", "{83E974E5-0D0B-4537-AC77-CD16D2F9EA79}"
EndProject
Project("{9A19103F-16F7-4668-BE54-9A1E7A4F7556}") = "Prep3", "csharp-prep\Prep3\Prep3.csproj", "{427C689D-D148-46E6-BBC7-746C829830F3}"
EndProject
Project("{9A19103F-16F7-4668-BE54-9A1E7A4F7556}") = "Prep4", "csharp-prep\Prep4\Prep4.csproj", "{145A7C5C-90EA-45A8-BE64-F4BF8BCBB607}"
EndProject
Project("{9A19103F-16F7-4668-BE54-9A1E7A4F7556}") = "Prep5", "csharp-prep\Prep5\Prep5.csproj", "{D30A53FC-7FA0-4890-B25D-5DB2194840AE}"
EndProject
Project("{2150E333-8FDC-42A3-9474-1A3956D46DE8}") = "final", "final", "{F2EBE3E1-AC53-457F-89DE-71F95A9C4F17}"
EndProject
Project("{9A19103F-16F7-4668-BE54-9A1E7A4F7556}") = "FinalProject", "final\FinalProject\FinalProject.csproj", "{0C26C04F-95B4-4A6C-9569-2D4D401E6625}"
EndProject
Project("{9A19103F-16F7-4668-BE54-9A1E7A4F7556}") = "Foundation1", "final\Foundation1\Foundation1.csproj", "{2AA66DCD-BE2C-43BF-B83B-0961048B130C}"
EndProject
Project("{9A19103F-16F7-4668-BE54-9A1E7A4F7556}") = "Foundation2", "final\Foundation2\Foundation2.csproj", "{4878045E-AA3D-4304-AD87-8A45055AF0BA}"
EndProject
Project("{9A19103F-16F7-4668-BE54-9A1E7A4F7556}") = "Foundation3", "final\Foundation3\Foundation3.csproj", "{C5C0091E-BC99-4770-87A7-0EC0B9B0FA7F}"
EndProject
Project("{9A19103F-16F7-4668-BE54-9A1E7A4F7556}") = "Foundation4", "final\Foundation4\Foundation4.csproj", "{DE315A0E-EA09-4B29-9757-0D027A84CA80}"
EndProject
Project("{2150E333-8FDC-42A3-9474-1A3956D46DE8}") = "prepare", "prepare", "{F3711669-095C-4235-8F79-E0D7BFCFF416}"
EndProject
Project("{9A19103F-16F7-4668-BE54-9A1E7A4F7556}") = "Learning02", "prepare\Learning02\Learning02.csproj", "{E7B6643A-FAF5-44F5-AF22-98B620428B68}"
EndProject
Project("{9A19103F-16F7-4668-BE54-9A1E7A4F7556}") = "Learning03", "prepare\Learning03\Learning03.csproj", "{5F098362-0EED-4CA5-BE14-FCA6827028DD}"
EndProject
Project("{9A19103F-16F7-4668-BE54-9A1E7A4F7556}") = "Learning04", "prepare\Learning04\Learning04.csproj", "{11E43F94-7C35-413B-B07C-63EBA44D7326}"
EndProject
Project("{9A19103F-16F7-4668-BE54-9A1E7A4F7556}") = "Learning05", "prepare\Learning05\Learning05.csproj", "{B693E52A-BC4D-4961-8682-B339B8C3B768}"
EndProject
Project("{2150E333-8FDC-42A3-9474-1A3956D46DE8}") = "prove", "prove", "{208CF1AF-3A8F-4F3A-9BE9-A406122ACB6F}"
EndProject
Project("{9A19103F-16F7-4668-BE54-9A1E7A4F7556}") = "Develop02", "prove\Develop02\Develop02.csproj", "{7F04EE11-FCED-4BF4-8A5C-7433A39FA69B}"
EndProject
Project("{9A19103F-16F7-4668-BE54-9A1E7A4F7556}") = "Develop03", "prove\Develop03\Develop03.csproj", "{52B69F9E-0A54-464A-A04B-46EDC123D4ED}"
EndProject
Project("{9A19103F-16F7-4668-BE54-9A1E7A4F7556}") = "Develop04", "prove\Develop04\Develop04.csproj", "{7C8E00A2-EA9E-432F-B9E9-6584C216CA5A}"
EndProject
Project("{9A19103F-16F7-4668-BE54-9A1E7A4F7556}") = "Develop05", "prove\Develop05\Develop05.csproj", "{533FFF79-F320-4E01-A821-F15F0BF725A9}"
EndProject
Project("{2150E333-8FDC-42A3-9474-1A3956D46DE8}") = "sandbox", "sandbox", "{7FE44134-22B8-4E4A-8E0A-5A363F5E7E65}"
EndProject
Project("{9A19103F-16F7-4668-BE54-9A1E7A4F7556}") = "Sandbox", "sandbox\Sandbox\Sandbox.csproj", "{4DFCADC3-B9FF-4482-AB81-BABF93E96D77}"
EndProject
Global
	GlobalSection(SolutionConfigurationPlatforms) = preSolution
		Debug|Any CPU = Debug|Any CPU
		Release|Any CPU = Release|Any CPU
	EndGlobalSection
	GlobalSection(ProjectConfigurationPlatforms) = postSolution
		{591F9921-D803-4B09-91FE-9F97B50E5B01}.Debug|Any CPU.ActiveCfg = Debug|Any CPU
		{591F9921-D803-4B09-91FE-9F97B50E5B01}.Debug|Any CPU.Build.0 = Debug|Any CPU
		{591F9921-D803-4B09-91FE-9F97B50E5B01}.Release|Any CPU.ActiveCfg = Release|Any CPU
		{591F9921-D803-4B09-91FE-9F97B50E5B01}.Release|Any CPU.Build.0 = Release|Any CPU
		{83E974E5-0D0B-4537-AC77-CD16D2F9EA79}.Debug|Any CPU.ActiveCfg = Debug|Any CPU
		{83E974E5-0D0B-4537-AC77-CD16D2F9EA79}.Debug|Any CPU.Build.0 = Debug|Any CPU
		{83E974E5-0D0B-4537-AC77-CD16D2F9EA79}.Release|Any CPU.ActiveCfg = Release|Any CPU
		{83E974E5-0D0B-4537-AC77-CD16D2F9EA79}.Release|Any CPU.Build.0 = Release|Any CPU
		{427C689D-D148-46E6-BBC7-746C829830F3}.Debug|Any CPU.ActiveCfg = Debug|Any CPU
		{427C689D-D148-46E6-BBC7-746C829830F3}.Debug|Any CPU.Build.0 = Debug|Any CPU
		{427C689D-D148-46E6-BBC7-746C829830F3}.Release|Any CPU.ActiveCfg = Release|Any CPU
		{427C689D-D148-46E6-BBC7-746C829830F3}.Release|Any CPU.Build.0 = Release|Any CPU
		{145A7C5C-90EA-45A8-BE64-F4BF8BCBB607}.Debug|Any CPU.ActiveCfg = Debug|Any CPU
		{145A7C5C-90EA-45A8-BE64-F4BF8BCBB607}.Debug|Any CPU.Build.0 = Debug|Any CPU
		{145A7C5C-90EA-45A8-BE64-F4BF8BCBB607}.Release|Any CPU.ActiveCfg = Release|Any CPU
		{145A7C5C-90EA-45A8-BE64-F4BF8BCBB607}.Release|Any CPU.Build.0 = Release|Any CPU
		{D30A53FC-7FA0-4890-B25D-5DB2194840AE}.Debug|Any CPU.ActiveCfg = Debug|Any CPU
		{D30A53FC-7FA0-4890-B25D-5DB2194840AE}.Debug|Any CPU.Build.0 = Debug|Any CPU
		{D30A53FC-7FA0-4890-B25D-5DB2194840AE}.Release|Any CPU.ActiveCfg = Release|Any CPU
		{D30A53FC-7FA0-4890-B25D-5DB2194840AE}.Release|Any CPU.Build.0 = Release|Any CPU
		{0C26C04F-95B4-4A6C-9569-2D4D401E6625}.Debug|Any CPU.ActiveCfg = Debug|Any CPU
		{0C26C04F-95B4-4A6C-9569-2D4D401E6625}.Debug|Any CPU.Build.0 = Debug|Any CPU
		{0C26C04F-95B4-4A6C-9569-2D4D401E6625}.Release|Any CPU.ActiveCfg = Release|Any CPU
		{0C26C04F-95B4-4A6C-9569-2D4D401E6625}.Release|Any CPU.Build.0 = Release|Any CPU
		{2AA66DCD-BE2C-43BF-B83B-0961048B130C}.Debug|Any CPU.ActiveCfg = Debug|Any CPU
		{2AA66DCD-BE2C-43BF-B83B-0961048B130C}.Debug|Any CPU.Build.0 = Debug|Any CPU
		{2AA66DCD-BE2C-43BF-B83B-0961048B130C}.Release|Any CPU.ActiveCfg = Release|Any CPU
		{2AA66DCD-BE2C-43BF-B83B-0961048B130C}.Release|Any CPU.Build.0 = Release|Any CPU
		{4878045E-AA3D-4304-AD87-8A45055AF0BA}.Debug|Any CPU.ActiveCfg = Debug|Any CPU
		{4878045E-AA3D-4304-AD87-8A45055AF0BA}.Debug|Any CPU.Build.0 = Debug|Any CPU
		{4878045E-AA3D-4304-AD87-8A45055AF0BA}.Release|Any CPU.ActiveCfg = Release|Any CPU
		{4878045E-AA3D-4304-AD87-8A45055AF0BA}.Release|Any CPU.Build.0 = Release|Any CPU
		{C5C0091E-BC99-4770-87A7-0EC0B9B0FA7F}.Debug|Any CPU.ActiveCfg = Debug|Any CPU
		{C5C0091E-BC99-4770-87A7-0EC0B9B0FA7F}.Debug|Any CPU.Build.0 = Debug|Any CPU
		{C5C0091E-BC99-4770-87A7-0EC0B9B0FA7F}.Release|Any CPU.ActiveCfg = Release|Any CPU
		{C5C0091E-BC99-4770-87A7-0EC0B9B0FA7F}.Release|Any CPU.Build.0 = Release|Any CPU
		{DE315A0E-EA09-4B29-9757-0D027A84CA80}.Debug|Any CPU.ActiveCfg = Debug|Any CPU
		{DE315A0E-EA09-4B29-9757-0D027A84CA80}.Debug|Any CPU.Build.0 = Debug|Any CPU
		{DE315A0E-EA09-4B29-9757-0D027A84CA80}.Release|Any CPU.ActiveCfg = Release|Any CPU
		{DE315A0E-EA09-4B29-9757-0D027A84CA80}.Release|Any CPU.Build.0 = Release|Any CPU
		{E7B6643A-FAF5-44F5-AF22-98B620428B68}.Debug|Any CPU.ActiveCfg = Debug|Any CPU
		{E7B6643A-FAF5-44F5-AF22-98B620428B68}.Debug|Any CPU.Build.0 = Debug|Any CPU
		{E7B6643A-FAF5-44F5-AF22-98B620428B68}.Release|Any CPU.ActiveCfg = Release|Any CPU
		{E7B6643A-FAF5-44F5-AF22-98B620428B68}.Release|Any CPU.Build.0 = Release|Any CPU
		{5F098362-0EED-4CA5-BE14-FCA6827028DD}.Debug|Any CPU.ActiveCfg = Debug|Any CPU
		{5F098362-0EED-4CA5-BE14-FCA6827028DD}.Debug|Any CPU.Build.0 = Debug|Any CPU
		{5F098362-0EED-4CA5-BE14-FCA6827028DD}.Release|Any CPU.ActiveCfg = Release|Any CPU
		{5F098362-0EED-4CA5-BE14-FCA6827028DD}.Release|Any CPU.Build.0 = Release|Any CPU
		{11E43F94-7C35-413B-B07C-63EBA44D7326}.Debug|Any CPU.ActiveCfg = Debug|Any CPU
		{11E43F94-7C35-413B-B07C-63EBA44D7326}.Debug|Any CPU.Build.0 = Debug|Any CPU
		{11E43F94-7C35-413B-B07C-63EBA44D7326}.Release|Any CPU.ActiveCfg = Release|Any CPU
		{11E43F94-7C35-413B-B07C-63EBA44D7326}.Release|Any CPU.Build.0 = Release|Any CPU
		{B693E52A-BC4D-4961-8682-B339B8C3B768}.Debug|Any CPU.ActiveCfg = Debug|Any CPU
		{B693E52A-BC4D-4961-8682-B339B8C3B768}.Debug|Any CPU.Build.0 = Debug|Any CPU
		{B693E52A-BC4D-4961-8682-B339B8C3B768}.Release|Any CPU.ActiveCfg = Release|Any CPU
		{B693E52A-BC4D-4961-8682-B339B8C3B768}.Release|Any CPU.Build.0 = Release|Any CPU
		{7F04EE11-FCED-4BF4-8A5C-7433A39FA69B}.Debug|Any CPU.ActiveCfg = Debug|Any CPU
		{7F04EE11-FCED-4BF4-8A5C-7433A39FA69B}.Debug|Any CPU.Build.0 = Debug|Any CPU
		{7F04EE11-FCED-4BF4-8A5C-7433A39FA69B}.Release|Any CPU.ActiveCfg = Release|Any CPU
		{7F04EE11-FCED-4BF4-8A5C-7433A39FA69B}.Release|Any CPU.Build.0 = Release|Any CPU
		{52B69F9E-0A54-464A-A04B-46EDC123D4ED}.Debug|Any CPU.ActiveCfg = Debug|Any CPU
		{52B69F9E-0A54-464A-A04B-46EDC123D4ED}.Debug|Any CPU.Build.0 = Debug|Any CPU
		{52B69F9E-0A54-464A-A04B-46EDC123D4ED}.Release|Any CPU.ActiveCfg = Release|Any CPU
		{52B69F9E-0A54-464A-A04B-46EDC123D4ED}.Release|Any CPU.Build.0 = Release|Any CPU
		{7C8E00A2-EA9E-432F-B9E9-6584C216CA5A}.Debug|Any CPU.ActiveCfg = Debug|Any CPU
		{7C8E00A2-EA9E-432F-B9E9-6584C216CA5A}.Debug|Any CPU.Build.0 = Debug|Any CPU
		{7C8E00A2-EA9E-432F-B9E9-6584C216CA5A}.Release|Any CPU.ActiveCfg = Release|Any CPU
		{7C8E00A2-EA9E-432F-B9E9-6584C216CA5A}.Release|Any CPU.Build.0 = Release|Any CPU
		{533FFF79-F320-4E01-A821-F15F0BF725A9}.Debug|Any CPU.ActiveCfg = Debug|Any CPU
		{533FFF79-F320-4E01-A821-F15F0BF725A9}.Debug|Any CPU.Build.0 = Debug|Any CPU
		{533FFF79-F320-4E01-A821-F15F0BF725A9}.Release|Any CPU.ActiveCfg = Release|Any CPU
		{533FFF79-F320-4E01-A821-F15F0BF725A9}.Release|Any CPU.Build.0 = Release|Any CPU
		{4DFCADC3-B9FF-4482-AB81-BABF93E96D77}.Debug|Any CPU.ActiveCfg = Debug|Any CPU
		{4DFCADC3-B9FF-4482-AB81-BABF93E96D77}.Debug|Any CPU.Build.0 = Debug|Any CPU
		{4DFCADC3-B9FF-4482-AB81-BABF93E96D77}.Release|Any CPU.ActiveCfg = Release|Any CPU
		{4DFCADC3-B9FF-4482-AB81-BABF93E96D77}.Release|Any CPU.Build.0 = Release|Any CPU
	EndGlobalSection
	GlobalSection(SolutionProperties) = preSolution
		HideSolutionNode = FALSE
	EndGlobalSection
	GlobalSection(NestedProjects) = preSolution
		{591F9921-D803-4B09-91FE-9F97B50E5B01} = {C870AED2-C5A0-4EDE-8709-7CBE7CD12F35}
		{83E974E5-0D0B-4537-AC77-CD16D2F9EA79} = {C870AED2-C5A0-4EDE-8709-7CBE7CD12F35}
		{427C689D-D148-46E6-BBC7-746C829830F3} = {C870AED2-C5A0-4EDE-8709-7CBE7CD12F35}
		{145A7C5C-90EA-45A8-BE64-F4BF8BCBB607} = {C870AED2-C5A0-4EDE-8709-7CBE7CD12F35}
		{D30A53FC-7FA0-4890-B25D-5DB2194840AE} = {C870AED2-C5A0-4EDE-8709-7CBE7CD12F35}
		{0C26C04F-95B4-4A6C-9569-2D4D401E6625} = {F2EBE3E1-AC53-457F-89DE-71F95A9C4F17}
		{2AA66DCD-BE2C-43BF-B83B-0961048B130C} = {F2EBE3E1-AC53-457F-89DE-71F95A9C4F17}
		{4878045E-AA3D-4304-AD87-8A45055AF0BA} = {F2EBE3E1-AC53-457F-89DE-71F95A9C4F17}
		{C5C0091E-BC99-4770-87A7-0EC0B9B0FA7F} = {F2EBE3E1-AC53-457F-89DE-71F95A9C4F17}
		{DE315A0E-EA09-4B29-9757-0D027A84CA80} = {F2EBE3E1-AC53-457F-89DE-71F95A9C4F17}
		{E7B6643A-FAF5-44F5-AF22-98B620428B68} = {F3711669-095C-4235-8F79-E0D7BFCFF416}
		{5F098362-0EED-4CA5-BE14-FCA6827028DD} = {F3711669-095C-4235-8F79-E0D7BFCFF416}
		{11E43F94-7C35-413B-B07C-63EBA44D7326} = {F3711669-095C-4235-8F79-E0D7BFCFF416}
		{B693E52A-BC4D-4961-8682-B339B8C3B768} = {F3711669-095C-4235-8F79-E0D7BFCFF416}
		{7F04EE11-FCED-4BF4-8A5C-7433A39FA69B} = {208CF1AF-3A8F-4F3A-9BE9-A406122ACB6F}
		{52B69F9E-0A54-464A-A04B-46EDC123D4ED} = {208CF1AF-3A8F-4F3A-9BE9-A406122ACB6F}
		{7C8E00A2-EA9E-432F-B9E9-6584C216CA5A} = {208CF1AF-3A8F-4F3A-9BE9-A406122ACB6F}
		{533FFF79-F320-4E01-A821-F15F0BF725A9} = {208CF1AF-3A8F-4F3A-9BE9-A406122ACB6F}
		{4DFCADC3-B9FF-4482-AB81-BABF93E96D77} = {7FE44134-22B8-4E4A-8E0A-5A363F5E7E65}
	EndGlobalSection
	GlobalSection(ExtensibilityGlobals) = postSolution
		SolutionGuid = {74A11837-A6CF-4C4A-B37A-B588CB176427}
	EndGlobalSection
EndGlobal
